
Microsoft Visual Studio Solution File, Format Version 12.00
# Visual Studio Version 17
VisualStudioVersion = 17.10.35027.167
MinimumVisualStudioVersion = 10.0.40219.1
Project("{9A19103F-16F7-4668-BE54-9A1E7A4F7556}") = "SkillHub.Web", "SkillHub.Web.csproj", "{47E72CFD-5FB3-4987-8CF1-F52017195FC4}"
EndProject
Project("{FAE04EC0-301F-11D3-BF4B-00C04F79EFBC}") = "SkillsHub.BLL", "..\SkillsHub.BLL\SkillsHub.BLL.csproj", "{3AD7191D-5CCA-4F25-AB2A-3356351AB8DA}"
EndProject
Global
	GlobalSection(SolutionConfigurationPlatforms) = preSolution
		Debug|Any CPU = Debug|Any CPU
		Release|Any CPU = Release|Any CPU
	EndGlobalSection
	GlobalSection(ProjectConfigurationPlatforms) = postSolution
		{47E72CFD-5FB3-4987-8CF1-F52017195FC4}.Debug|Any CPU.ActiveCfg = Debug|Any CPU
		{47E72CFD-5FB3-4987-8CF1-F52017195FC4}.Debug|Any CPU.Build.0 = Debug|Any CPU
		{47E72CFD-5FB3-4987-8CF1-F52017195FC4}.Release|Any CPU.ActiveCfg = Release|Any CPU
		{47E72CFD-5FB3-4987-8CF1-F52017195FC4}.Release|Any CPU.Build.0 = Release|Any CPU
		{3AD7191D-5CCA-4F25-AB2A-3356351AB8DA}.Debug|Any CPU.ActiveCfg = Debug|Any CPU
		{3AD7191D-5CCA-4F25-AB2A-3356351AB8DA}.Debug|Any CPU.Build.0 = Debug|Any CPU
		{3AD7191D-5CCA-4F25-AB2A-3356351AB8DA}.Release|Any CPU.ActiveCfg = Release|Any CPU
		{3AD7191D-5CCA-4F25-AB2A-3356351AB8DA}.Release|Any CPU.Build.0 = Release|Any CPU
	EndGlobalSection
	GlobalSection(SolutionProperties) = preSolution
		HideSolutionNode = FALSE
	EndGlobalSection
	GlobalSection(ExtensibilityGlobals) = postSolution
		SolutionGuid = {8E050E90-B474-4FCE-9D71-8B57930105D8}
	EndGlobalSection
EndGlobal
